
Microsoft Visual Studio Solution File, Format Version 12.00
# Visual Studio Version 16
VisualStudioVersion = 16.0.30011.22
MinimumVisualStudioVersion = 10.0.40219.1
Project("{D954291E-2A0B-460D-934E-DC6B0785DB48}") = "Uno.AzureDevOps", "Uno.AzureDevOps\Uno.AzureDevOps.Shared\Uno.AzureDevOps.shproj", "{6279C845-92F8-4333-AB99-3D213163593C}"
EndProject
Project("{FAE04EC0-301F-11D3-BF4B-00C04F79EFBC}") = "Uno.AzureDevOps.Droid", "Uno.AzureDevOps\Uno.AzureDevOps.Droid\Uno.AzureDevOps.Droid.csproj", "{FBEE6C21-A95F-4C73-BB2D-51F3F01C7450}"
EndProject
Project("{FAE04EC0-301F-11D3-BF4B-00C04F79EFBC}") = "Uno.AzureDevOps.iOS", "Uno.AzureDevOps\Uno.AzureDevOps.iOS\Uno.AzureDevOps.iOS.csproj", "{64446A97-E749-4F29-8BBA-BC26151B2CE1}"
EndProject
Project("{FAE04EC0-301F-11D3-BF4B-00C04F79EFBC}") = "Uno.AzureDevOps.UWP", "Uno.AzureDevOps\Uno.AzureDevOps.UWP\Uno.AzureDevOps.UWP.csproj", "{82D129C9-82B4-4D68-96FB-95F22BE36129}"
EndProject
Project("{9A19103F-16F7-4668-BE54-9A1E7A4F7556}") = "Uno.AzureDevOps.Wasm", "Uno.AzureDevOps\Uno.AzureDevOps.Wasm\Uno.AzureDevOps.Wasm.csproj", "{BB7A72B6-71C2-41C1-B408-8C65A5456A7D}"
EndProject
Project("{D954291E-2A0B-460D-934E-DC6B0785DB48}") = "Uno.AzureDevOps.Views", "Uno.AzureDevOps\Uno.AzureDevOps.Views\Uno.AzureDevOps.Views.shproj", "{1388B295-353D-48CA-8C5F-C59670C71439}"
EndProject
Project("{2150E333-8FDC-42A3-9474-1A3956D46DE8}") = "Heads", "Heads", "{0B430733-FA30-45AA-A3EE-D9118BB9DFF1}"
EndProject
Project("{2150E333-8FDC-42A3-9474-1A3956D46DE8}") = "Solution Items", "Solution Items", "{74582D4F-C68B-4B3B-AB14-C2BAB15AA867}"
	ProjectSection(SolutionItems) = preProject
		..\.azure-pipelines.yml = ..\.azure-pipelines.yml
		..\.editorconfig = ..\.editorconfig
		..\.gitattributes = ..\.gitattributes
		..\.gitignore = ..\.gitignore
		Packaging.targets = Packaging.targets
		Versioning.targets = Versioning.targets
	EndProjectSection
EndProject
Global
	GlobalSection(SharedMSBuildProjectFiles) = preSolution
		Uno.AzureDevOps\Uno.AzureDevOps.Views\Uno.AzureDevOps.Views.projitems*{1388b295-353d-48ca-8c5f-c59670c71439}*SharedItemsImports = 13
		Uno.AzureDevOps\Uno.AzureDevOps.Shared\Uno.AzureDevOps.Shared.projitems*{6279c845-92f8-4333-ab99-3d213163593c}*SharedItemsImports = 13
		Uno.AzureDevOps\Uno.AzureDevOps.Shared\Uno.AzureDevOps.Shared.projitems*{64446a97-e749-4f29-8bba-bc26151b2ce1}*SharedItemsImports = 4
		Uno.AzureDevOps\Uno.AzureDevOps.Views\Uno.AzureDevOps.Views.projitems*{64446a97-e749-4f29-8bba-bc26151b2ce1}*SharedItemsImports = 4
		Uno.AzureDevOps\Uno.AzureDevOps.Shared\Uno.AzureDevOps.Shared.projitems*{82d129c9-82b4-4d68-96fb-95f22be36129}*SharedItemsImports = 4
		Uno.AzureDevOps\Uno.AzureDevOps.Views\Uno.AzureDevOps.Views.projitems*{82d129c9-82b4-4d68-96fb-95f22be36129}*SharedItemsImports = 4
		Uno.AzureDevOps\Uno.AzureDevOps.Shared\Uno.AzureDevOps.Shared.projitems*{bb7a72b6-71c2-41c1-b408-8c65a5456a7d}*SharedItemsImports = 5
		Uno.AzureDevOps\Uno.AzureDevOps.Views\Uno.AzureDevOps.Views.projitems*{bb7a72b6-71c2-41c1-b408-8c65a5456a7d}*SharedItemsImports = 5
		Uno.AzureDevOps\Uno.AzureDevOps.Shared\Uno.AzureDevOps.Shared.projitems*{fbee6c21-a95f-4c73-bb2d-51f3f01c7450}*SharedItemsImports = 4
		Uno.AzureDevOps\Uno.AzureDevOps.Views\Uno.AzureDevOps.Views.projitems*{fbee6c21-a95f-4c73-bb2d-51f3f01c7450}*SharedItemsImports = 4
	EndGlobalSection
	GlobalSection(SolutionConfigurationPlatforms) = preSolution
		Ad-Hoc|Android = Ad-Hoc|Android
		Ad-Hoc|Any CPU = Ad-Hoc|Any CPU
		Ad-Hoc|iPhone = Ad-Hoc|iPhone
		Ad-Hoc|iPhoneSimulator = Ad-Hoc|iPhoneSimulator
		Ad-Hoc|UWP = Ad-Hoc|UWP
		Ad-Hoc|Wasm = Ad-Hoc|Wasm
		Ad-Hoc|x64 = Ad-Hoc|x64
		Ad-Hoc|x86 = Ad-Hoc|x86
		AppStore|Android = AppStore|Android
		AppStore|Any CPU = AppStore|Any CPU
		AppStore|iPhone = AppStore|iPhone
		AppStore|iPhoneSimulator = AppStore|iPhoneSimulator
		AppStore|UWP = AppStore|UWP
		AppStore|Wasm = AppStore|Wasm
		AppStore|x64 = AppStore|x64
		AppStore|x86 = AppStore|x86
		Debug|Android = Debug|Android
		Debug|Any CPU = Debug|Any CPU
		Debug|iPhone = Debug|iPhone
		Debug|iPhoneSimulator = Debug|iPhoneSimulator
		Debug|UWP = Debug|UWP
		Debug|Wasm = Debug|Wasm
		Debug|x64 = Debug|x64
		Debug|x86 = Debug|x86
		Release|Android = Release|Android
		Release|Any CPU = Release|Any CPU
		Release|iPhone = Release|iPhone
		Release|iPhoneSimulator = Release|iPhoneSimulator
		Release|UWP = Release|UWP
		Release|Wasm = Release|Wasm
		Release|x64 = Release|x64
		Release|x86 = Release|x86
	EndGlobalSection
	GlobalSection(ProjectConfigurationPlatforms) = postSolution
		{FBEE6C21-A95F-4C73-BB2D-51F3F01C7450}.Ad-Hoc|Android.ActiveCfg = Release|Any CPU
		{FBEE6C21-A95F-4C73-BB2D-51F3F01C7450}.Ad-Hoc|Android.Build.0 = Release|Any CPU
		{FBEE6C21-A95F-4C73-BB2D-51F3F01C7450}.Ad-Hoc|Android.Deploy.0 = Release|Any CPU
		{FBEE6C21-A95F-4C73-BB2D-51F3F01C7450}.Ad-Hoc|Any CPU.ActiveCfg = Release|Any CPU
		{FBEE6C21-A95F-4C73-BB2D-51F3F01C7450}.Ad-Hoc|Any CPU.Build.0 = Release|Any CPU
		{FBEE6C21-A95F-4C73-BB2D-51F3F01C7450}.Ad-Hoc|Any CPU.Deploy.0 = Release|Any CPU
		{FBEE6C21-A95F-4C73-BB2D-51F3F01C7450}.Ad-Hoc|iPhone.ActiveCfg = Release|Any CPU
		{FBEE6C21-A95F-4C73-BB2D-51F3F01C7450}.Ad-Hoc|iPhoneSimulator.ActiveCfg = Release|Any CPU
		{FBEE6C21-A95F-4C73-BB2D-51F3F01C7450}.Ad-Hoc|UWP.ActiveCfg = Release|Any CPU
		{FBEE6C21-A95F-4C73-BB2D-51F3F01C7450}.Ad-Hoc|Wasm.ActiveCfg = Release|Any CPU
		{FBEE6C21-A95F-4C73-BB2D-51F3F01C7450}.Ad-Hoc|x64.ActiveCfg = Release|Any CPU
		{FBEE6C21-A95F-4C73-BB2D-51F3F01C7450}.Ad-Hoc|x64.Build.0 = Release|Any CPU
		{FBEE6C21-A95F-4C73-BB2D-51F3F01C7450}.Ad-Hoc|x64.Deploy.0 = Release|Any CPU
		{FBEE6C21-A95F-4C73-BB2D-51F3F01C7450}.Ad-Hoc|x86.ActiveCfg = Release|Any CPU
		{FBEE6C21-A95F-4C73-BB2D-51F3F01C7450}.Ad-Hoc|x86.Build.0 = Release|Any CPU
		{FBEE6C21-A95F-4C73-BB2D-51F3F01C7450}.Ad-Hoc|x86.Deploy.0 = Release|Any CPU
		{FBEE6C21-A95F-4C73-BB2D-51F3F01C7450}.AppStore|Android.ActiveCfg = Release|Any CPU
		{FBEE6C21-A95F-4C73-BB2D-51F3F01C7450}.AppStore|Android.Build.0 = Release|Any CPU
		{FBEE6C21-A95F-4C73-BB2D-51F3F01C7450}.AppStore|Android.Deploy.0 = Release|Any CPU
		{FBEE6C21-A95F-4C73-BB2D-51F3F01C7450}.AppStore|Any CPU.ActiveCfg = Release|Any CPU
		{FBEE6C21-A95F-4C73-BB2D-51F3F01C7450}.AppStore|Any CPU.Build.0 = Release|Any CPU
		{FBEE6C21-A95F-4C73-BB2D-51F3F01C7450}.AppStore|Any CPU.Deploy.0 = Release|Any CPU
		{FBEE6C21-A95F-4C73-BB2D-51F3F01C7450}.AppStore|iPhone.ActiveCfg = Release|Any CPU
		{FBEE6C21-A95F-4C73-BB2D-51F3F01C7450}.AppStore|iPhoneSimulator.ActiveCfg = Release|Any CPU
		{FBEE6C21-A95F-4C73-BB2D-51F3F01C7450}.AppStore|UWP.ActiveCfg = Release|Any CPU
		{FBEE6C21-A95F-4C73-BB2D-51F3F01C7450}.AppStore|Wasm.ActiveCfg = Release|Any CPU
		{FBEE6C21-A95F-4C73-BB2D-51F3F01C7450}.AppStore|x64.ActiveCfg = Release|Any CPU
		{FBEE6C21-A95F-4C73-BB2D-51F3F01C7450}.AppStore|x64.Build.0 = Release|Any CPU
		{FBEE6C21-A95F-4C73-BB2D-51F3F01C7450}.AppStore|x64.Deploy.0 = Release|Any CPU
		{FBEE6C21-A95F-4C73-BB2D-51F3F01C7450}.AppStore|x86.ActiveCfg = Release|Any CPU
		{FBEE6C21-A95F-4C73-BB2D-51F3F01C7450}.AppStore|x86.Build.0 = Release|Any CPU
		{FBEE6C21-A95F-4C73-BB2D-51F3F01C7450}.AppStore|x86.Deploy.0 = Release|Any CPU
		{FBEE6C21-A95F-4C73-BB2D-51F3F01C7450}.Debug|Android.ActiveCfg = Debug|Any CPU
		{FBEE6C21-A95F-4C73-BB2D-51F3F01C7450}.Debug|Android.Build.0 = Debug|Any CPU
		{FBEE6C21-A95F-4C73-BB2D-51F3F01C7450}.Debug|Android.Deploy.0 = Debug|Any CPU
		{FBEE6C21-A95F-4C73-BB2D-51F3F01C7450}.Debug|Any CPU.ActiveCfg = Debug|Any CPU
		{FBEE6C21-A95F-4C73-BB2D-51F3F01C7450}.Debug|Any CPU.Build.0 = Debug|Any CPU
		{FBEE6C21-A95F-4C73-BB2D-51F3F01C7450}.Debug|Any CPU.Deploy.0 = Debug|Any CPU
		{FBEE6C21-A95F-4C73-BB2D-51F3F01C7450}.Debug|iPhone.ActiveCfg = Debug|Any CPU
		{FBEE6C21-A95F-4C73-BB2D-51F3F01C7450}.Debug|iPhoneSimulator.ActiveCfg = Debug|Any CPU
		{FBEE6C21-A95F-4C73-BB2D-51F3F01C7450}.Debug|UWP.ActiveCfg = Debug|Any CPU
		{FBEE6C21-A95F-4C73-BB2D-51F3F01C7450}.Debug|Wasm.ActiveCfg = Debug|Any CPU
		{FBEE6C21-A95F-4C73-BB2D-51F3F01C7450}.Debug|x64.ActiveCfg = Debug|Any CPU
		{FBEE6C21-A95F-4C73-BB2D-51F3F01C7450}.Debug|x64.Build.0 = Debug|Any CPU
		{FBEE6C21-A95F-4C73-BB2D-51F3F01C7450}.Debug|x64.Deploy.0 = Debug|Any CPU
		{FBEE6C21-A95F-4C73-BB2D-51F3F01C7450}.Debug|x86.ActiveCfg = Debug|Any CPU
		{FBEE6C21-A95F-4C73-BB2D-51F3F01C7450}.Debug|x86.Build.0 = Debug|Any CPU
		{FBEE6C21-A95F-4C73-BB2D-51F3F01C7450}.Debug|x86.Deploy.0 = Debug|Any CPU
		{FBEE6C21-A95F-4C73-BB2D-51F3F01C7450}.Release|Android.ActiveCfg = Release|Any CPU
		{FBEE6C21-A95F-4C73-BB2D-51F3F01C7450}.Release|Android.Build.0 = Release|Any CPU
		{FBEE6C21-A95F-4C73-BB2D-51F3F01C7450}.Release|Android.Deploy.0 = Release|Any CPU
		{FBEE6C21-A95F-4C73-BB2D-51F3F01C7450}.Release|Any CPU.ActiveCfg = Release|Any CPU
		{FBEE6C21-A95F-4C73-BB2D-51F3F01C7450}.Release|Any CPU.Build.0 = Release|Any CPU
		{FBEE6C21-A95F-4C73-BB2D-51F3F01C7450}.Release|Any CPU.Deploy.0 = Release|Any CPU
		{FBEE6C21-A95F-4C73-BB2D-51F3F01C7450}.Release|iPhone.ActiveCfg = Release|Any CPU
		{FBEE6C21-A95F-4C73-BB2D-51F3F01C7450}.Release|iPhoneSimulator.ActiveCfg = Release|Any CPU
		{FBEE6C21-A95F-4C73-BB2D-51F3F01C7450}.Release|UWP.ActiveCfg = Release|Any CPU
		{FBEE6C21-A95F-4C73-BB2D-51F3F01C7450}.Release|Wasm.ActiveCfg = Release|Any CPU
		{FBEE6C21-A95F-4C73-BB2D-51F3F01C7450}.Release|x64.ActiveCfg = Release|Any CPU
		{FBEE6C21-A95F-4C73-BB2D-51F3F01C7450}.Release|x64.Build.0 = Release|Any CPU
		{FBEE6C21-A95F-4C73-BB2D-51F3F01C7450}.Release|x64.Deploy.0 = Release|Any CPU
		{FBEE6C21-A95F-4C73-BB2D-51F3F01C7450}.Release|x86.ActiveCfg = Release|Any CPU
		{FBEE6C21-A95F-4C73-BB2D-51F3F01C7450}.Release|x86.Build.0 = Release|Any CPU
		{FBEE6C21-A95F-4C73-BB2D-51F3F01C7450}.Release|x86.Deploy.0 = Release|Any CPU
		{64446A97-E749-4F29-8BBA-BC26151B2CE1}.Ad-Hoc|Android.ActiveCfg = Ad-Hoc|iPhone
		{64446A97-E749-4F29-8BBA-BC26151B2CE1}.Ad-Hoc|Any CPU.ActiveCfg = Ad-Hoc|iPhone
		{64446A97-E749-4F29-8BBA-BC26151B2CE1}.Ad-Hoc|Any CPU.Build.0 = Ad-Hoc|iPhone
		{64446A97-E749-4F29-8BBA-BC26151B2CE1}.Ad-Hoc|iPhone.ActiveCfg = Ad-Hoc|iPhone
		{64446A97-E749-4F29-8BBA-BC26151B2CE1}.Ad-Hoc|iPhone.Build.0 = Ad-Hoc|iPhone
		{64446A97-E749-4F29-8BBA-BC26151B2CE1}.Ad-Hoc|iPhoneSimulator.ActiveCfg = Ad-Hoc|iPhoneSimulator
		{64446A97-E749-4F29-8BBA-BC26151B2CE1}.Ad-Hoc|iPhoneSimulator.Build.0 = Ad-Hoc|iPhoneSimulator
		{64446A97-E749-4F29-8BBA-BC26151B2CE1}.Ad-Hoc|UWP.ActiveCfg = Ad-Hoc|iPhone
		{64446A97-E749-4F29-8BBA-BC26151B2CE1}.Ad-Hoc|Wasm.ActiveCfg = Ad-Hoc|iPhone
		{64446A97-E749-4F29-8BBA-BC26151B2CE1}.Ad-Hoc|x64.ActiveCfg = Ad-Hoc|iPhone
		{64446A97-E749-4F29-8BBA-BC26151B2CE1}.Ad-Hoc|x86.ActiveCfg = Ad-Hoc|iPhone
		{64446A97-E749-4F29-8BBA-BC26151B2CE1}.AppStore|Android.ActiveCfg = AppStore|iPhone
		{64446A97-E749-4F29-8BBA-BC26151B2CE1}.AppStore|Any CPU.ActiveCfg = AppStore|iPhone
		{64446A97-E749-4F29-8BBA-BC26151B2CE1}.AppStore|Any CPU.Build.0 = AppStore|iPhone
		{64446A97-E749-4F29-8BBA-BC26151B2CE1}.AppStore|iPhone.ActiveCfg = AppStore|iPhone
		{64446A97-E749-4F29-8BBA-BC26151B2CE1}.AppStore|iPhone.Build.0 = AppStore|iPhone
		{64446A97-E749-4F29-8BBA-BC26151B2CE1}.AppStore|iPhoneSimulator.ActiveCfg = AppStore|iPhoneSimulator
		{64446A97-E749-4F29-8BBA-BC26151B2CE1}.AppStore|iPhoneSimulator.Build.0 = AppStore|iPhoneSimulator
		{64446A97-E749-4F29-8BBA-BC26151B2CE1}.AppStore|UWP.ActiveCfg = AppStore|iPhone
		{64446A97-E749-4F29-8BBA-BC26151B2CE1}.AppStore|Wasm.ActiveCfg = AppStore|iPhone
		{64446A97-E749-4F29-8BBA-BC26151B2CE1}.AppStore|x64.ActiveCfg = AppStore|iPhone
		{64446A97-E749-4F29-8BBA-BC26151B2CE1}.AppStore|x86.ActiveCfg = AppStore|iPhone
		{64446A97-E749-4F29-8BBA-BC26151B2CE1}.Debug|Android.ActiveCfg = Debug|iPhone
		{64446A97-E749-4F29-8BBA-BC26151B2CE1}.Debug|Any CPU.ActiveCfg = Debug|iPhone
		{64446A97-E749-4F29-8BBA-BC26151B2CE1}.Debug|Any CPU.Build.0 = Debug|iPhone
		{64446A97-E749-4F29-8BBA-BC26151B2CE1}.Debug|iPhone.ActiveCfg = Debug|iPhone
		{64446A97-E749-4F29-8BBA-BC26151B2CE1}.Debug|iPhone.Build.0 = Debug|iPhone
		{64446A97-E749-4F29-8BBA-BC26151B2CE1}.Debug|iPhoneSimulator.ActiveCfg = Debug|iPhoneSimulator
		{64446A97-E749-4F29-8BBA-BC26151B2CE1}.Debug|iPhoneSimulator.Build.0 = Debug|iPhoneSimulator
		{64446A97-E749-4F29-8BBA-BC26151B2CE1}.Debug|UWP.ActiveCfg = Debug|iPhone
		{64446A97-E749-4F29-8BBA-BC26151B2CE1}.Debug|Wasm.ActiveCfg = Debug|iPhone
		{64446A97-E749-4F29-8BBA-BC26151B2CE1}.Debug|x64.ActiveCfg = Debug|iPhone
		{64446A97-E749-4F29-8BBA-BC26151B2CE1}.Debug|x86.ActiveCfg = Debug|iPhone
		{64446A97-E749-4F29-8BBA-BC26151B2CE1}.Release|Android.ActiveCfg = Release|iPhone
		{64446A97-E749-4F29-8BBA-BC26151B2CE1}.Release|Any CPU.ActiveCfg = Release|iPhone
		{64446A97-E749-4F29-8BBA-BC26151B2CE1}.Release|Any CPU.Build.0 = Release|iPhone
		{64446A97-E749-4F29-8BBA-BC26151B2CE1}.Release|iPhone.ActiveCfg = Release|iPhone
		{64446A97-E749-4F29-8BBA-BC26151B2CE1}.Release|iPhone.Build.0 = Release|iPhone
		{64446A97-E749-4F29-8BBA-BC26151B2CE1}.Release|iPhoneSimulator.ActiveCfg = Release|iPhoneSimulator
		{64446A97-E749-4F29-8BBA-BC26151B2CE1}.Release|iPhoneSimulator.Build.0 = Release|iPhoneSimulator
		{64446A97-E749-4F29-8BBA-BC26151B2CE1}.Release|UWP.ActiveCfg = Release|iPhone
		{64446A97-E749-4F29-8BBA-BC26151B2CE1}.Release|Wasm.ActiveCfg = Release|iPhone
		{64446A97-E749-4F29-8BBA-BC26151B2CE1}.Release|x64.ActiveCfg = Release|iPhone
		{64446A97-E749-4F29-8BBA-BC26151B2CE1}.Release|x86.ActiveCfg = Release|iPhone
		{82D129C9-82B4-4D68-96FB-95F22BE36129}.Ad-Hoc|Android.ActiveCfg = Release|x64
		{82D129C9-82B4-4D68-96FB-95F22BE36129}.Ad-Hoc|Any CPU.ActiveCfg = Release|x64
		{82D129C9-82B4-4D68-96FB-95F22BE36129}.Ad-Hoc|Any CPU.Build.0 = Release|x64
		{82D129C9-82B4-4D68-96FB-95F22BE36129}.Ad-Hoc|Any CPU.Deploy.0 = Release|x64
		{82D129C9-82B4-4D68-96FB-95F22BE36129}.Ad-Hoc|iPhone.ActiveCfg = Release|x64
		{82D129C9-82B4-4D68-96FB-95F22BE36129}.Ad-Hoc|iPhoneSimulator.ActiveCfg = Release|x64
		{82D129C9-82B4-4D68-96FB-95F22BE36129}.Ad-Hoc|UWP.ActiveCfg = Release|x64
		{82D129C9-82B4-4D68-96FB-95F22BE36129}.Ad-Hoc|UWP.Build.0 = Release|x64
		{82D129C9-82B4-4D68-96FB-95F22BE36129}.Ad-Hoc|UWP.Deploy.0 = Release|x64
		{82D129C9-82B4-4D68-96FB-95F22BE36129}.Ad-Hoc|Wasm.ActiveCfg = Release|x64
		{82D129C9-82B4-4D68-96FB-95F22BE36129}.Ad-Hoc|x64.ActiveCfg = Release|x64
		{82D129C9-82B4-4D68-96FB-95F22BE36129}.Ad-Hoc|x64.Build.0 = Release|x64
		{82D129C9-82B4-4D68-96FB-95F22BE36129}.Ad-Hoc|x64.Deploy.0 = Release|x64
		{82D129C9-82B4-4D68-96FB-95F22BE36129}.Ad-Hoc|x86.ActiveCfg = Release|x86
		{82D129C9-82B4-4D68-96FB-95F22BE36129}.Ad-Hoc|x86.Build.0 = Release|x86
		{82D129C9-82B4-4D68-96FB-95F22BE36129}.Ad-Hoc|x86.Deploy.0 = Release|x86
		{82D129C9-82B4-4D68-96FB-95F22BE36129}.AppStore|Android.ActiveCfg = Release|x64
		{82D129C9-82B4-4D68-96FB-95F22BE36129}.AppStore|Any CPU.ActiveCfg = Release|x64
		{82D129C9-82B4-4D68-96FB-95F22BE36129}.AppStore|Any CPU.Build.0 = Release|x64
		{82D129C9-82B4-4D68-96FB-95F22BE36129}.AppStore|Any CPU.Deploy.0 = Release|x64
		{82D129C9-82B4-4D68-96FB-95F22BE36129}.AppStore|iPhone.ActiveCfg = Release|x64
		{82D129C9-82B4-4D68-96FB-95F22BE36129}.AppStore|iPhoneSimulator.ActiveCfg = Release|x64
		{82D129C9-82B4-4D68-96FB-95F22BE36129}.AppStore|UWP.ActiveCfg = Release|x64
		{82D129C9-82B4-4D68-96FB-95F22BE36129}.AppStore|UWP.Build.0 = Release|x64
		{82D129C9-82B4-4D68-96FB-95F22BE36129}.AppStore|UWP.Deploy.0 = Release|x64
		{82D129C9-82B4-4D68-96FB-95F22BE36129}.AppStore|Wasm.ActiveCfg = Release|x64
		{82D129C9-82B4-4D68-96FB-95F22BE36129}.AppStore|x64.ActiveCfg = Release|x64
		{82D129C9-82B4-4D68-96FB-95F22BE36129}.AppStore|x64.Build.0 = Release|x64
		{82D129C9-82B4-4D68-96FB-95F22BE36129}.AppStore|x64.Deploy.0 = Release|x64
		{82D129C9-82B4-4D68-96FB-95F22BE36129}.AppStore|x86.ActiveCfg = Release|x86
		{82D129C9-82B4-4D68-96FB-95F22BE36129}.AppStore|x86.Build.0 = Release|x86
		{82D129C9-82B4-4D68-96FB-95F22BE36129}.AppStore|x86.Deploy.0 = Release|x86
		{82D129C9-82B4-4D68-96FB-95F22BE36129}.Debug|Android.ActiveCfg = Debug|x86
		{82D129C9-82B4-4D68-96FB-95F22BE36129}.Debug|Any CPU.ActiveCfg = Debug|x86
		{82D129C9-82B4-4D68-96FB-95F22BE36129}.Debug|Any CPU.Build.0 = Debug|x86
		{82D129C9-82B4-4D68-96FB-95F22BE36129}.Debug|Any CPU.Deploy.0 = Debug|x86
		{82D129C9-82B4-4D68-96FB-95F22BE36129}.Debug|iPhone.ActiveCfg = Debug|x86
		{82D129C9-82B4-4D68-96FB-95F22BE36129}.Debug|iPhoneSimulator.ActiveCfg = Debug|x86
		{82D129C9-82B4-4D68-96FB-95F22BE36129}.Debug|UWP.ActiveCfg = Debug|x86
		{82D129C9-82B4-4D68-96FB-95F22BE36129}.Debug|UWP.Build.0 = Debug|x86
		{82D129C9-82B4-4D68-96FB-95F22BE36129}.Debug|UWP.Deploy.0 = Debug|x86
		{82D129C9-82B4-4D68-96FB-95F22BE36129}.Debug|Wasm.ActiveCfg = Debug|x86
		{82D129C9-82B4-4D68-96FB-95F22BE36129}.Debug|x64.ActiveCfg = Debug|x64
		{82D129C9-82B4-4D68-96FB-95F22BE36129}.Debug|x64.Build.0 = Debug|x64
		{82D129C9-82B4-4D68-96FB-95F22BE36129}.Debug|x64.Deploy.0 = Debug|x64
		{82D129C9-82B4-4D68-96FB-95F22BE36129}.Debug|x86.ActiveCfg = Debug|x86
		{82D129C9-82B4-4D68-96FB-95F22BE36129}.Debug|x86.Build.0 = Debug|x86
		{82D129C9-82B4-4D68-96FB-95F22BE36129}.Debug|x86.Deploy.0 = Debug|x86
		{82D129C9-82B4-4D68-96FB-95F22BE36129}.Release|Android.ActiveCfg = Release|x86
		{82D129C9-82B4-4D68-96FB-95F22BE36129}.Release|Any CPU.ActiveCfg = Release|x86
		{82D129C9-82B4-4D68-96FB-95F22BE36129}.Release|Any CPU.Build.0 = Release|x86
		{82D129C9-82B4-4D68-96FB-95F22BE36129}.Release|Any CPU.Deploy.0 = Release|x86
		{82D129C9-82B4-4D68-96FB-95F22BE36129}.Release|iPhone.ActiveCfg = Release|x86
		{82D129C9-82B4-4D68-96FB-95F22BE36129}.Release|iPhoneSimulator.ActiveCfg = Release|x86
		{82D129C9-82B4-4D68-96FB-95F22BE36129}.Release|UWP.ActiveCfg = Release|x86
		{82D129C9-82B4-4D68-96FB-95F22BE36129}.Release|UWP.Build.0 = Release|x86
		{82D129C9-82B4-4D68-96FB-95F22BE36129}.Release|UWP.Deploy.0 = Release|x86
		{82D129C9-82B4-4D68-96FB-95F22BE36129}.Release|Wasm.ActiveCfg = Release|x86
		{82D129C9-82B4-4D68-96FB-95F22BE36129}.Release|x64.ActiveCfg = Release|x64
		{82D129C9-82B4-4D68-96FB-95F22BE36129}.Release|x64.Build.0 = Release|x64
		{82D129C9-82B4-4D68-96FB-95F22BE36129}.Release|x64.Deploy.0 = Release|x64
		{82D129C9-82B4-4D68-96FB-95F22BE36129}.Release|x86.ActiveCfg = Release|x86
		{82D129C9-82B4-4D68-96FB-95F22BE36129}.Release|x86.Build.0 = Release|x86
		{82D129C9-82B4-4D68-96FB-95F22BE36129}.Release|x86.Deploy.0 = Release|x86
		{BB7A72B6-71C2-41C1-B408-8C65A5456A7D}.Ad-Hoc|Android.ActiveCfg = Debug|Any CPU
		{BB7A72B6-71C2-41C1-B408-8C65A5456A7D}.Ad-Hoc|Any CPU.ActiveCfg = Debug|Any CPU
		{BB7A72B6-71C2-41C1-B408-8C65A5456A7D}.Ad-Hoc|Any CPU.Build.0 = Debug|Any CPU
		{BB7A72B6-71C2-41C1-B408-8C65A5456A7D}.Ad-Hoc|iPhone.ActiveCfg = Debug|Any CPU
		{BB7A72B6-71C2-41C1-B408-8C65A5456A7D}.Ad-Hoc|iPhoneSimulator.ActiveCfg = Debug|Any CPU
		{BB7A72B6-71C2-41C1-B408-8C65A5456A7D}.Ad-Hoc|UWP.ActiveCfg = Debug|Any CPU
		{BB7A72B6-71C2-41C1-B408-8C65A5456A7D}.Ad-Hoc|Wasm.ActiveCfg = Release|Any CPU
		{BB7A72B6-71C2-41C1-B408-8C65A5456A7D}.Ad-Hoc|Wasm.Build.0 = Release|Any CPU
		{BB7A72B6-71C2-41C1-B408-8C65A5456A7D}.Ad-Hoc|x64.ActiveCfg = Debug|Any CPU
		{BB7A72B6-71C2-41C1-B408-8C65A5456A7D}.Ad-Hoc|x64.Build.0 = Debug|Any CPU
		{BB7A72B6-71C2-41C1-B408-8C65A5456A7D}.Ad-Hoc|x86.ActiveCfg = Debug|Any CPU
		{BB7A72B6-71C2-41C1-B408-8C65A5456A7D}.Ad-Hoc|x86.Build.0 = Debug|Any CPU
		{BB7A72B6-71C2-41C1-B408-8C65A5456A7D}.AppStore|Android.ActiveCfg = Release|Any CPU
		{BB7A72B6-71C2-41C1-B408-8C65A5456A7D}.AppStore|Any CPU.ActiveCfg = Release|Any CPU
		{BB7A72B6-71C2-41C1-B408-8C65A5456A7D}.AppStore|Any CPU.Build.0 = Release|Any CPU
		{BB7A72B6-71C2-41C1-B408-8C65A5456A7D}.AppStore|iPhone.ActiveCfg = Release|Any CPU
		{BB7A72B6-71C2-41C1-B408-8C65A5456A7D}.AppStore|iPhoneSimulator.ActiveCfg = Release|Any CPU
		{BB7A72B6-71C2-41C1-B408-8C65A5456A7D}.AppStore|UWP.ActiveCfg = Release|Any CPU
		{BB7A72B6-71C2-41C1-B408-8C65A5456A7D}.AppStore|Wasm.ActiveCfg = Release|Any CPU
		{BB7A72B6-71C2-41C1-B408-8C65A5456A7D}.AppStore|Wasm.Build.0 = Release|Any CPU
		{BB7A72B6-71C2-41C1-B408-8C65A5456A7D}.AppStore|x64.ActiveCfg = Debug|Any CPU
		{BB7A72B6-71C2-41C1-B408-8C65A5456A7D}.AppStore|x64.Build.0 = Debug|Any CPU
		{BB7A72B6-71C2-41C1-B408-8C65A5456A7D}.AppStore|x86.ActiveCfg = Debug|Any CPU
		{BB7A72B6-71C2-41C1-B408-8C65A5456A7D}.AppStore|x86.Build.0 = Debug|Any CPU
		{BB7A72B6-71C2-41C1-B408-8C65A5456A7D}.Debug|Android.ActiveCfg = Debug|Any CPU
		{BB7A72B6-71C2-41C1-B408-8C65A5456A7D}.Debug|Any CPU.ActiveCfg = Debug|Any CPU
		{BB7A72B6-71C2-41C1-B408-8C65A5456A7D}.Debug|Any CPU.Build.0 = Debug|Any CPU
		{BB7A72B6-71C2-41C1-B408-8C65A5456A7D}.Debug|iPhone.ActiveCfg = Debug|Any CPU
		{BB7A72B6-71C2-41C1-B408-8C65A5456A7D}.Debug|iPhoneSimulator.ActiveCfg = Debug|Any CPU
		{BB7A72B6-71C2-41C1-B408-8C65A5456A7D}.Debug|UWP.ActiveCfg = Debug|Any CPU
		{BB7A72B6-71C2-41C1-B408-8C65A5456A7D}.Debug|Wasm.ActiveCfg = Debug|Any CPU
		{BB7A72B6-71C2-41C1-B408-8C65A5456A7D}.Debug|Wasm.Build.0 = Debug|Any CPU
		{BB7A72B6-71C2-41C1-B408-8C65A5456A7D}.Debug|x64.ActiveCfg = Debug|Any CPU
		{BB7A72B6-71C2-41C1-B408-8C65A5456A7D}.Debug|x64.Build.0 = Debug|Any CPU
		{BB7A72B6-71C2-41C1-B408-8C65A5456A7D}.Debug|x86.ActiveCfg = Debug|Any CPU
		{BB7A72B6-71C2-41C1-B408-8C65A5456A7D}.Debug|x86.Build.0 = Debug|Any CPU
		{BB7A72B6-71C2-41C1-B408-8C65A5456A7D}.Release|Android.ActiveCfg = Release|Any CPU
		{BB7A72B6-71C2-41C1-B408-8C65A5456A7D}.Release|Any CPU.ActiveCfg = Release|Any CPU
		{BB7A72B6-71C2-41C1-B408-8C65A5456A7D}.Release|Any CPU.Build.0 = Release|Any CPU
		{BB7A72B6-71C2-41C1-B408-8C65A5456A7D}.Release|iPhone.ActiveCfg = Release|Any CPU
		{BB7A72B6-71C2-41C1-B408-8C65A5456A7D}.Release|iPhoneSimulator.ActiveCfg = Release|Any CPU
		{BB7A72B6-71C2-41C1-B408-8C65A5456A7D}.Release|UWP.ActiveCfg = Release|Any CPU
		{BB7A72B6-71C2-41C1-B408-8C65A5456A7D}.Release|Wasm.ActiveCfg = Release|Any CPU
		{BB7A72B6-71C2-41C1-B408-8C65A5456A7D}.Release|Wasm.Build.0 = Release|Any CPU
		{BB7A72B6-71C2-41C1-B408-8C65A5456A7D}.Release|x64.ActiveCfg = Release|Any CPU
		{BB7A72B6-71C2-41C1-B408-8C65A5456A7D}.Release|x64.Build.0 = Release|Any CPU
		{BB7A72B6-71C2-41C1-B408-8C65A5456A7D}.Release|x86.ActiveCfg = Release|Any CPU
		{BB7A72B6-71C2-41C1-B408-8C65A5456A7D}.Release|x86.Build.0 = Release|Any CPU
	EndGlobalSection
	GlobalSection(SolutionProperties) = preSolution
		HideSolutionNode = FALSE
	EndGlobalSection
	GlobalSection(NestedProjects) = preSolution
		{FBEE6C21-A95F-4C73-BB2D-51F3F01C7450} = {0B430733-FA30-45AA-A3EE-D9118BB9DFF1}
		{64446A97-E749-4F29-8BBA-BC26151B2CE1} = {0B430733-FA30-45AA-A3EE-D9118BB9DFF1}
		{82D129C9-82B4-4D68-96FB-95F22BE36129} = {0B430733-FA30-45AA-A3EE-D9118BB9DFF1}
		{BB7A72B6-71C2-41C1-B408-8C65A5456A7D} = {0B430733-FA30-45AA-A3EE-D9118BB9DFF1}
	EndGlobalSection
	GlobalSection(ExtensibilityGlobals) = postSolution
		SolutionGuid = {3D6AD386-598D-4D98-9755-9CD1A29CAADA}
	EndGlobalSection
EndGlobal
